
Microsoft Visual Studio Solution File, Format Version 12.00
# Visual Studio Version 17
VisualStudioVersion = 17.9.34902.65
MinimumVisualStudioVersion = 10.0.40219.1
Project("{FAE04EC0-301F-11D3-BF4B-00C04F79EFBC}") = "SistemaVenta.Entity", "SistemaVenta.Entity\SistemaVenta.Entity.csproj", "{D70FA239-C63B-4C65-933E-DEFD06527011}"
EndProject
Project("{FAE04EC0-301F-11D3-BF4B-00C04F79EFBC}") = "SistemaVenta.DAL", "SistemaVenta.DAL\SistemaVenta.DAL.csproj", "{1280AAC7-DEA3-4F11-8051-249B93D3EC93}"
EndProject
Project("{FAE04EC0-301F-11D3-BF4B-00C04F79EFBC}") = "SistemaVenta.BLL", "SistemaVenta.BLL\SistemaVenta.BLL.csproj", "{5EFE95DE-F7D2-49D5-AF04-CABF43FDDE2B}"
EndProject
Project("{FAE04EC0-301F-11D3-BF4B-00C04F79EFBC}") = "SistemaVenta.IOC", "SistemaVenta.IOC\SistemaVenta.IOC.csproj", "{E0017F4C-B0BF-4602-B5DD-EF49990BEC40}"
EndProject
Project("{FAE04EC0-301F-11D3-BF4B-00C04F79EFBC}") = "SistemaVenta.AplicacionWeb", "SistemaVenta.AplicacionWeb\SistemaVenta.AplicacionWeb.csproj", "{1F2116DB-A697-4521-8D0A-DFC424F6A708}"
EndProject
Global
	GlobalSection(SolutionConfigurationPlatforms) = preSolution
		Debug|Any CPU = Debug|Any CPU
		Release|Any CPU = Release|Any CPU
	EndGlobalSection
	GlobalSection(ProjectConfigurationPlatforms) = postSolution
		{D70FA239-C63B-4C65-933E-DEFD06527011}.Debug|Any CPU.ActiveCfg = Debug|Any CPU
		{D70FA239-C63B-4C65-933E-DEFD06527011}.Debug|Any CPU.Build.0 = Debug|Any CPU
		{D70FA239-C63B-4C65-933E-DEFD06527011}.Release|Any CPU.ActiveCfg = Release|Any CPU
		{D70FA239-C63B-4C65-933E-DEFD06527011}.Release|Any CPU.Build.0 = Release|Any CPU
		{1280AAC7-DEA3-4F11-8051-249B93D3EC93}.Debug|Any CPU.ActiveCfg = Debug|Any CPU
		{1280AAC7-DEA3-4F11-8051-249B93D3EC93}.Debug|Any CPU.Build.0 = Debug|Any CPU
		{1280AAC7-DEA3-4F11-8051-249B93D3EC93}.Release|Any CPU.ActiveCfg = Release|Any CPU
		{1280AAC7-DEA3-4F11-8051-249B93D3EC93}.Release|Any CPU.Build.0 = Release|Any CPU
		{5EFE95DE-F7D2-49D5-AF04-CABF43FDDE2B}.Debug|Any CPU.ActiveCfg = Debug|Any CPU
		{5EFE95DE-F7D2-49D5-AF04-CABF43FDDE2B}.Debug|Any CPU.Build.0 = Debug|Any CPU
		{5EFE95DE-F7D2-49D5-AF04-CABF43FDDE2B}.Release|Any CPU.ActiveCfg = Release|Any CPU
		{5EFE95DE-F7D2-49D5-AF04-CABF43FDDE2B}.Release|Any CPU.Build.0 = Release|Any CPU
		{E0017F4C-B0BF-4602-B5DD-EF49990BEC40}.Debug|Any CPU.ActiveCfg = Debug|Any CPU
		{E0017F4C-B0BF-4602-B5DD-EF49990BEC40}.Debug|Any CPU.Build.0 = Debug|Any CPU
		{E0017F4C-B0BF-4602-B5DD-EF49990BEC40}.Release|Any CPU.ActiveCfg = Release|Any CPU
		{E0017F4C-B0BF-4602-B5DD-EF49990BEC40}.Release|Any CPU.Build.0 = Release|Any CPU
		{1F2116DB-A697-4521-8D0A-DFC424F6A708}.Debug|Any CPU.ActiveCfg = Debug|Any CPU
		{1F2116DB-A697-4521-8D0A-DFC424F6A708}.Debug|Any CPU.Build.0 = Debug|Any CPU
		{1F2116DB-A697-4521-8D0A-DFC424F6A708}.Release|Any CPU.ActiveCfg = Release|Any CPU
		{1F2116DB-A697-4521-8D0A-DFC424F6A708}.Release|Any CPU.Build.0 = Release|Any CPU
	EndGlobalSection
	GlobalSection(SolutionProperties) = preSolution
		HideSolutionNode = FALSE
	EndGlobalSection
	GlobalSection(ExtensibilityGlobals) = postSolution
		SolutionGuid = {C20F1001-BE97-4E4B-94A4-B9A2573F9A46}
	EndGlobalSection
EndGlobal
